
Microsoft Visual Studio Solution File, Format Version 12.00
# Visual Studio Version 16
VisualStudioVersion = 16.0.30611.23
MinimumVisualStudioVersion = 10.0.40219.1
Project("{FAE04EC0-301F-11D3-BF4B-00C04F79EFBC}") = "CleanCodeInCsharp", "CleanCodeInCsharp\CleanCodeInCsharp.csproj", "{719F6A7F-8F61-4A6D-BDA4-C0CAB6802CD5}"
EndProject
Project("{FAE04EC0-301F-11D3-BF4B-00C04F79EFBC}") = "CleanCodeInCsharpTests", "CleanCodeInCsharpTests\CleanCodeInCsharpTests.csproj", "{7B00DA6E-BFED-4E5B-9C63-26105E52F857}"
EndProject
Global
	GlobalSection(SolutionConfigurationPlatforms) = preSolution
		Debug|Any CPU = Debug|Any CPU
		Release|Any CPU = Release|Any CPU
	EndGlobalSection
	GlobalSection(ProjectConfigurationPlatforms) = postSolution
		{719F6A7F-8F61-4A6D-BDA4-C0CAB6802CD5}.Debug|Any CPU.ActiveCfg = Debug|Any CPU
		{719F6A7F-8F61-4A6D-BDA4-C0CAB6802CD5}.Debug|Any CPU.Build.0 = Debug|Any CPU
		{719F6A7F-8F61-4A6D-BDA4-C0CAB6802CD5}.Release|Any CPU.ActiveCfg = Release|Any CPU
		{719F6A7F-8F61-4A6D-BDA4-C0CAB6802CD5}.Release|Any CPU.Build.0 = Release|Any CPU
		{7B00DA6E-BFED-4E5B-9C63-26105E52F857}.Debug|Any CPU.ActiveCfg = Debug|Any CPU
		{7B00DA6E-BFED-4E5B-9C63-26105E52F857}.Debug|Any CPU.Build.0 = Debug|Any CPU
		{7B00DA6E-BFED-4E5B-9C63-26105E52F857}.Release|Any CPU.ActiveCfg = Release|Any CPU
		{7B00DA6E-BFED-4E5B-9C63-26105E52F857}.Release|Any CPU.Build.0 = Release|Any CPU
	EndGlobalSection
	GlobalSection(SolutionProperties) = preSolution
		HideSolutionNode = FALSE
	EndGlobalSection
	GlobalSection(ExtensibilityGlobals) = postSolution
		SolutionGuid = {FB3FF57B-50D3-4381-8BEE-EAB591B6DE98}
	EndGlobalSection
EndGlobal
